
Microsoft Visual Studio Solution File, Format Version 12.00
# Visual Studio Version 17
VisualStudioVersion = 17.1.32421.90
MinimumVisualStudioVersion = 10.0.40219.1
Project("{FAE04EC0-301F-11D3-BF4B-00C04F79EFBC}") = "WindowsFormsApp1", "WindowsFormsApp1\WindowsFormsApp1.csproj", "{E17B7DF1-E42A-494C-91BE-3A1CFD92D7DB}"
EndProject
Global
	GlobalSection(SolutionConfigurationPlatforms) = preSolution
		Debug|Any CPU = Debug|Any CPU
		Release|Any CPU = Release|Any CPU
	EndGlobalSection
	GlobalSection(ProjectConfigurationPlatforms) = postSolution
		{E17B7DF1-E42A-494C-91BE-3A1CFD92D7DB}.Debug|Any CPU.ActiveCfg = Debug|Any CPU
		{E17B7DF1-E42A-494C-91BE-3A1CFD92D7DB}.Debug|Any CPU.Build.0 = Debug|Any CPU
		{E17B7DF1-E42A-494C-91BE-3A1CFD92D7DB}.Release|Any CPU.ActiveCfg = Release|Any CPU
		{E17B7DF1-E42A-494C-91BE-3A1CFD92D7DB}.Release|Any CPU.Build.0 = Release|Any CPU
	EndGlobalSection
	GlobalSection(SolutionProperties) = preSolution
		HideSolutionNode = FALSE
	EndGlobalSection
	GlobalSection(ExtensibilityGlobals) = postSolution
		SolutionGuid = {A5063735-0901-4655-B654-BDE46611FCE5}
	EndGlobalSection
EndGlobal
